
Microsoft Visual Studio Solution File, Format Version 12.00
# Visual Studio Version 16
VisualStudioVersion = 16.0.31410.357
MinimumVisualStudioVersion = 10.0.40219.1
Project("{FAE04EC0-301F-11D3-BF4B-00C04F79EFBC}") = "OrgDAL", "OrgDAL\OrgDAL.csproj", "{D8E981BB-2998-4515-AEC2-9E262A194196}"
EndProject
Global
	GlobalSection(SolutionConfigurationPlatforms) = preSolution
		Debug|Any CPU = Debug|Any CPU
		Release|Any CPU = Release|Any CPU
	EndGlobalSection
	GlobalSection(ProjectConfigurationPlatforms) = postSolution
		{D8E981BB-2998-4515-AEC2-9E262A194196}.Debug|Any CPU.ActiveCfg = Debug|Any CPU
		{D8E981BB-2998-4515-AEC2-9E262A194196}.Debug|Any CPU.Build.0 = Debug|Any CPU
		{D8E981BB-2998-4515-AEC2-9E262A194196}.Release|Any CPU.ActiveCfg = Release|Any CPU
		{D8E981BB-2998-4515-AEC2-9E262A194196}.Release|Any CPU.Build.0 = Release|Any CPU
	EndGlobalSection
	GlobalSection(SolutionProperties) = preSolution
		HideSolutionNode = FALSE
	EndGlobalSection
	GlobalSection(ExtensibilityGlobals) = postSolution
		SolutionGuid = {0AAAAB6E-D214-49BD-947E-59420CF77643}
	EndGlobalSection
EndGlobal
